
Microsoft Visual Studio Solution File, Format Version 12.00
# Visual Studio Version 17
VisualStudioVersion = 17.7.34024.191
MinimumVisualStudioVersion = 10.0.40219.1
Project("{FAE04EC0-301F-11D3-BF4B-00C04F79EFBC}") = "HealthAndFitnessTracker", "HealthAndFitnessTracker.csproj", "{6E9B4626-AF08-4A26-A7F8-0D541B333D2D}"
EndProject
Project("{FAE04EC0-301F-11D3-BF4B-00C04F79EFBC}") = "ClassLibrary1", "UnitTesting\ClassLibrary1\ClassLibrary1.csproj", "{312D4403-065F-40BA-AD14-D6FC8200B58C}"
EndProject
Global
	GlobalSection(SolutionConfigurationPlatforms) = preSolution
		Debug|Any CPU = Debug|Any CPU
		Release|Any CPU = Release|Any CPU
	EndGlobalSection
	GlobalSection(ProjectConfigurationPlatforms) = postSolution
		{6E9B4626-AF08-4A26-A7F8-0D541B333D2D}.Debug|Any CPU.ActiveCfg = Debug|Any CPU
		{6E9B4626-AF08-4A26-A7F8-0D541B333D2D}.Debug|Any CPU.Build.0 = Debug|Any CPU
		{6E9B4626-AF08-4A26-A7F8-0D541B333D2D}.Release|Any CPU.ActiveCfg = Release|Any CPU
		{6E9B4626-AF08-4A26-A7F8-0D541B333D2D}.Release|Any CPU.Build.0 = Release|Any CPU
		{312D4403-065F-40BA-AD14-D6FC8200B58C}.Debug|Any CPU.ActiveCfg = Debug|Any CPU
		{312D4403-065F-40BA-AD14-D6FC8200B58C}.Debug|Any CPU.Build.0 = Debug|Any CPU
		{312D4403-065F-40BA-AD14-D6FC8200B58C}.Release|Any CPU.ActiveCfg = Release|Any CPU
		{312D4403-065F-40BA-AD14-D6FC8200B58C}.Release|Any CPU.Build.0 = Release|Any CPU
	EndGlobalSection
	GlobalSection(SolutionProperties) = preSolution
		HideSolutionNode = FALSE
	EndGlobalSection
	GlobalSection(ExtensibilityGlobals) = postSolution
		SolutionGuid = {E1278E19-7533-453A-9953-A9FBFAC84B3E}
	EndGlobalSection
EndGlobal
